<?xml version="1.0" encoding="utf-8"?>
<Project ToolsVersion="4.0" xmlns="http://schemas.microsoft.com/developer/msbuild/2003">
  <ItemGroup>
    <Filter Include="Source Files">
      <UniqueIdentifier>{4FC737F1-C7A5-4376-A066-2A32D752A2FF}</UniqueIdentifier>
      <Extensions>cpp;c;cc;cxx;def;odl;idl;hpj;bat;asm;asmx</Extensions>
    </Filter>
    <Filter Include="Source Files\Windows">
      <UniqueIdentifier>{8015e530-ad77-4b1a-b8a9-624be0bc50a2}</UniqueIdentifier>
    </Filter>
    <Filter Include="Source Files\Windows\Misc">
      <UniqueIdentifier>{1134c224-d989-4c4d-bb20-24cf396b4230}</UniqueIdentifier>
    </Filter>
    <Filter Include="Source Files\Visual">
      <UniqueIdentifier>{4f17922e-b6b8-4d72-b6bc-78922ed8eebc}</UniqueIdentifier>
    </Filter>
    <Filter Include="Resource Files">
      <UniqueIdentifier>{67DA6AB6-F800-4c08-8B7A-83BB121AAD01}</UniqueIdentifier>
      <Extensions>rc;ico;cur;bmp;dlg;rc2;rct;bin;rgs;gif;jpg;jpeg;jpe;resx;tiff;tif;png;wav</Extensions>
    </Filter>
  </ItemGroup>
  <ItemGroup>
    <ClCompile Include="Trippindicular.cpp">
      <Filter>Source Files</Filter>
    </ClCompile>
    <ClCompile Include="ChildView.cpp">
      <Filter>Source Files\Windows</Filter>
    </ClCompile>
    <ClCompile Include="FGProps.cpp">
      <Filter>Source Files\Windows</Filter>
    </ClCompile>
    <ClCompile Include="LayerProps.cpp">
      <Filter>Source Files\Windows</Filter>
    </ClCompile>
    <ClCompile Include="MainFrm.cpp">
      <Filter>Source Files\Windows</Filter>
    </ClCompile>
    <ClCompile Include="PropertyDock.cpp">
      <Filter>Source Files\Windows</Filter>
    </ClCompile>
    <ClCompile Include="stdafx.cpp">
      <Filter>Source Files\Windows\Misc</Filter>
    </ClCompile>
    <ClCompile Include="Visualizer.cpp">
      <Filter>Source Files\Visual</Filter>
    </ClCompile>
  </ItemGroup>
  <ItemGroup>
    <ClInclude Include="Trippindicular.h">
      <Filter>Source Files</Filter>
    </ClInclude>
    <ClInclude Include="ChildView.h">
      <Filter>Source Files\Windows</Filter>
    </ClInclude>
    <ClInclude Include="FGProps.h">
      <Filter>Source Files\Windows</Filter>
    </ClInclude>
    <ClInclude Include="LayerProps.h">
      <Filter>Source Files\Windows</Filter>
    </ClInclude>
    <ClInclude Include="MainFrm.h">
      <Filter>Source Files\Windows</Filter>
    </ClInclude>
    <ClInclude Include="PropertyDock.h">
      <Filter>Source Files\Windows</Filter>
    </ClInclude>
    <ClInclude Include="Resource.h">
      <Filter>Source Files\Windows\Misc</Filter>
    </ClInclude>
    <ClInclude Include="stdafx.h">
      <Filter>Source Files\Windows\Misc</Filter>
    </ClInclude>
    <ClInclude Include="targetver.h">
      <Filter>Source Files\Windows\Misc</Filter>
    </ClInclude>
    <ClInclude Include="RandomVariable.h">
      <Filter>Source Files\Visual</Filter>
    </ClInclude>
    <ClInclude Include="Visualizer.h">
      <Filter>Source Files\Visual</Filter>
    </ClInclude>
  </ItemGroup>
  <ItemGroup>
    <Image Include="res\Toolbar.bmp">
      <Filter>Resource Files</Filter>
    </Image>
    <Image Include="res\Trippindicular.ico">
      <Filter>Resource Files</Filter>
    </Image>
  </ItemGroup>
  <ItemGroup>
    <ResourceCompile Include="Trippindicular.rc">
      <Filter>Resource Files</Filter>
    </ResourceCompile>
  </ItemGroup>
  <ItemGroup>
    <None Include="res\Trippindicular.rc2">
      <Filter>Resource Files</Filter>
    </None>
  </ItemGroup>
  <ItemGroup>
    <CustomBuild Include="Globals.fx">
      <Filter>Resource Files</Filter>
    </CustomBuild>
    <CustomBuild Include="Shader.fx">
      <Filter>Resource Files</Filter>
    </CustomBuild>
  </ItemGroup>
</Project>